
Microsoft Visual Studio Solution File, Format Version 12.00
# Visual Studio Version 17
VisualStudioVersion = 17.2.32526.322
MinimumVisualStudioVersion = 10.0.40219.1
Project("{FAE04EC0-301F-11D3-BF4B-00C04F79EFBC}") = "ExcelON User App", "Alamex User App\ExcelON User App.csproj", "{5F94F61B-5174-4C2A-92CA-8C37399CE22B}"
EndProject
Global
	GlobalSection(SolutionConfigurationPlatforms) = preSolution
		Debug|Any CPU = Debug|Any CPU
		Release|Any CPU = Release|Any CPU
	EndGlobalSection
	GlobalSection(ProjectConfigurationPlatforms) = postSolution
		{5F94F61B-5174-4C2A-92CA-8C37399CE22B}.Debug|Any CPU.ActiveCfg = Debug|Any CPU
		{5F94F61B-5174-4C2A-92CA-8C37399CE22B}.Debug|Any CPU.Build.0 = Debug|Any CPU
		{5F94F61B-5174-4C2A-92CA-8C37399CE22B}.Release|Any CPU.ActiveCfg = Release|Any CPU
		{5F94F61B-5174-4C2A-92CA-8C37399CE22B}.Release|Any CPU.Build.0 = Release|Any CPU
	EndGlobalSection
	GlobalSection(SolutionProperties) = preSolution
		HideSolutionNode = FALSE
	EndGlobalSection
	GlobalSection(ExtensibilityGlobals) = postSolution
		SolutionGuid = {AE3FB9EC-DDA5-4172-96EC-31E8F68E117E}
	EndGlobalSection
EndGlobal
