
Microsoft Visual Studio Solution File, Format Version 12.00
# Visual Studio Version 17
VisualStudioVersion = 17.4.33122.133
MinimumVisualStudioVersion = 10.0.40219.1
Project("{FAE04EC0-301F-11D3-BF4B-00C04F79EFBC}") = "ExcelonContracts", "ExcelonContracts\ExcelonContracts.csproj", "{A1CA34D5-D3E8-4B85-A553-935E96F8EA8D}"
EndProject
Project("{FAE04EC0-301F-11D3-BF4B-00C04F79EFBC}") = "ExcelonLibrary", "ExcelonLibrary\ExcelonLibrary.csproj", "{71C386FD-2EC0-4BA2-B7C1-16E45E67BCF8}"
EndProject
Project("{2150E333-8FDC-42A3-9474-1A3956D46DE8}") = "Solution Items", "Solution Items", "{7E2F3914-A0E0-4EB1-8026-6018FD081A59}"
	ProjectSection(SolutionItems) = preProject
		Directory.Build.props = Directory.Build.props
	EndProjectSection
EndProject
Project("{E24C65DC-7377-472B-9ABA-BC803B73C61A}") = "WCFServiceAlamex", "WCFServiceAlamex\", "{633D02C2-A19C-47AD-9DDB-4DAA35B1A94F}"
	ProjectSection(WebsiteProperties) = preProject
		TargetFrameworkMoniker = ".NETFramework,Version%3Dv4.8"
		Debug.AspNetCompiler.VirtualPath = "/localhost_50129"
		Debug.AspNetCompiler.PhysicalPath = "WCFServiceAlamex\"
		Debug.AspNetCompiler.TargetPath = "PrecompiledWeb\localhost_50129\"
		Debug.AspNetCompiler.Updateable = "true"
		Debug.AspNetCompiler.ForceOverwrite = "true"
		Debug.AspNetCompiler.FixedNames = "false"
		Debug.AspNetCompiler.Debug = "True"
		Release.AspNetCompiler.VirtualPath = "/localhost_50129"
		Release.AspNetCompiler.PhysicalPath = "WCFServiceAlamex\"
		Release.AspNetCompiler.TargetPath = "PrecompiledWeb\localhost_50129\"
		Release.AspNetCompiler.Updateable = "true"
		Release.AspNetCompiler.ForceOverwrite = "true"
		Release.AspNetCompiler.FixedNames = "false"
		Release.AspNetCompiler.Debug = "False"
		VWDPort = "50129"
		SlnRelativePath = "WCFServiceAlamex\"
	EndProjectSection
EndProject
Global
	GlobalSection(SolutionConfigurationPlatforms) = preSolution
		Debug|Any CPU = Debug|Any CPU
		Release|Any CPU = Release|Any CPU
	EndGlobalSection
	GlobalSection(ProjectConfigurationPlatforms) = postSolution
		{A1CA34D5-D3E8-4B85-A553-935E96F8EA8D}.Debug|Any CPU.ActiveCfg = Debug|Any CPU
		{A1CA34D5-D3E8-4B85-A553-935E96F8EA8D}.Debug|Any CPU.Build.0 = Debug|Any CPU
		{A1CA34D5-D3E8-4B85-A553-935E96F8EA8D}.Release|Any CPU.ActiveCfg = Release|Any CPU
		{A1CA34D5-D3E8-4B85-A553-935E96F8EA8D}.Release|Any CPU.Build.0 = Release|Any CPU
		{71C386FD-2EC0-4BA2-B7C1-16E45E67BCF8}.Debug|Any CPU.ActiveCfg = Debug|Any CPU
		{71C386FD-2EC0-4BA2-B7C1-16E45E67BCF8}.Debug|Any CPU.Build.0 = Debug|Any CPU
		{71C386FD-2EC0-4BA2-B7C1-16E45E67BCF8}.Release|Any CPU.ActiveCfg = Release|Any CPU
		{71C386FD-2EC0-4BA2-B7C1-16E45E67BCF8}.Release|Any CPU.Build.0 = Release|Any CPU
		{633D02C2-A19C-47AD-9DDB-4DAA35B1A94F}.Debug|Any CPU.ActiveCfg = Debug|Any CPU
		{633D02C2-A19C-47AD-9DDB-4DAA35B1A94F}.Debug|Any CPU.Build.0 = Debug|Any CPU
		{633D02C2-A19C-47AD-9DDB-4DAA35B1A94F}.Release|Any CPU.ActiveCfg = Debug|Any CPU
		{633D02C2-A19C-47AD-9DDB-4DAA35B1A94F}.Release|Any CPU.Build.0 = Debug|Any CPU
	EndGlobalSection
	GlobalSection(SolutionProperties) = preSolution
		HideSolutionNode = FALSE
	EndGlobalSection
	GlobalSection(ExtensibilityGlobals) = postSolution
		SolutionGuid = {7500C58E-9FFC-462E-9C80-B6210BC6E947}
	EndGlobalSection
EndGlobal
